anime_37.csv
anime_37.csv
anime_23.csv
anime_22.csv
anime_36.csv
anime_122.csv
anime_108.csv
anime_120.csv
anime_20.csv
anime_34.csv
anime_35.csv
anime_21.csv
anime_121.csv
anime_109.csv
anime_119.csv
anime_19.csv
anime_25.csv
anime_31.csv
.DS_Store
anime_30.csv
anime_24.csv
anime_18.csv
anime_118.csv
anime_32.csv
anime_26.csv
anime_27.csv
anime_33.csv
anime_97.csv
anime_83.csv
anime_54.csv
anime_40.csv
anime_68.csv
anime_4.csv
anime_5.csv
anime_69.csv
anime_41.csv
anime_55.csv
anime_82.csv
anime_96.csv
anime_80.csv
anime_94.csv
anime_43.csv
anime_57.csv
anime_7.csv
anime_6.csv
anime_56.csv
anime_42.csv
anime_95.csv
anime_81.csv
anime_85.csv
anime_91.csv
anime_46.csv
anime_52.csv
anime_2.csv
anime_3.csv
anime_53.csv
anime_47.csv
anime_90.csv
anime_84.csv
anime_92.csv
anime_86.csv
anime_79.csv
anime_51.csv
anime_45.csv
anime_1.csv
anime_0.csv
anime_44.csv
anime_50.csv
anime_78.csv
anime_87.csv
anime_93.csv
anime_75.csv
anime_61.csv
anime_49.csv
anime_48.csv
anime_60.csv
anime_74.csv
anime_89.csv
anime_62.csv
anime_76.csv
anime_77.csv
anime_63.csv
anime_88.csv
anime_98.csv
anime_67.csv
anime_73.csv
anime_72.csv
anime_66.csv
anime_99.csv
anime_58.csv
anime_70.csv
anime_64.csv
anime_8.csv
anime_9.csv
anime_65.csv
anime_71.csv
anime_59.csv
anime_102.csv
anime_116.csv
anime_16.csv
anime_17.csv
anime_117.csv
anime_103.csv
anime_115.csv
anime_101.csv
anime_15.csv
anime_29.csv
anime_28.csv
anime_14.csv
anime_100.csv
anime_114.csv
anime_110.csv
anime_104.csv
anime_38.csv
anime_10.csv
anime_11.csv
anime_39.csv
anime_105.csv
anime_111.csv
anime_107.csv
anime_113.csv
anime_13.csv
anime_12.csv
anime_112.csv
anime_106.csv
