anime_37.csv
anime_37.csv
anime_23.csv
anime_22.csv
anime_36.csv
anime_122.csv
anime_108.csv
anime_120.csv
anime_20.csv
anime_34.csv
anime_35.csv
anime_21.csv
anime_121.csv
anime_109.csv
anime_119.csv
anime_19.csv
anime_25.csv
anime_31.csv
.DS_Store
anime_30.csv
anime_24.csv
anime_18.csv
anime_118.csv
anime_32.csv
anime_26.csv
anime_27.csv
anime_33.csv
anime_97.csv
anime_83.csv
anime_54.csv
anime_40.csv
anime_68.csv
anime_4.csv
anime_5.csv
anime_69.csv
anime_41.csv
anime_55.csv
anime_82.csv
anime_96.csv
anime_80.csv
anime_94.csv
anime_43.csv
anime_57.csv
anime_7.csv
anime_6.csv

